
Microsoft Visual Studio Solution File, Format Version 12.00
# Visual Studio 15
VisualStudioVersion = 15.0.28307.168
MinimumVisualStudioVersion = 10.0.40219.1
Project("{151D2E53-A2C4-4D7D-83FE-D05416EBD58E}") = "LogicAppsAPIConnection", "LogicAppsAPIConnection\LogicAppsAPIConnection.deployproj", "{ABF029AA-E045-4031-BC85-34F7ADDABD5E}"
EndProject
Global
	GlobalSection(SolutionConfigurationPlatforms) = preSolution
		Debug|Any CPU = Debug|Any CPU
		Release|Any CPU = Release|Any CPU
	EndGlobalSection
	GlobalSection(ProjectConfigurationPlatforms) = postSolution
		{ABF029AA-E045-4031-BC85-34F7ADDABD5E}.Debug|Any CPU.ActiveCfg = Debug|Any CPU
		{ABF029AA-E045-4031-BC85-34F7ADDABD5E}.Debug|Any CPU.Build.0 = Debug|Any CPU
		{ABF029AA-E045-4031-BC85-34F7ADDABD5E}.Release|Any CPU.ActiveCfg = Release|Any CPU
		{ABF029AA-E045-4031-BC85-34F7ADDABD5E}.Release|Any CPU.Build.0 = Release|Any CPU
	EndGlobalSection
	GlobalSection(SolutionProperties) = preSolution
		HideSolutionNode = FALSE
	EndGlobalSection
	GlobalSection(ExtensibilityGlobals) = postSolution
		SolutionGuid = {14F6C83B-5F05-4FFD-882B-24E88A6F4281}
	EndGlobalSection
EndGlobal
