
Microsoft Visual Studio Solution File, Format Version 12.00
# Visual Studio 15
VisualStudioVersion = 15.0.27703.2046
MinimumVisualStudioVersion = 10.0.40219.1
Project("{9A19103F-16F7-4668-BE54-9A1E7A4F7556}") = "EventAPI", "EventAPI\EventAPI.csproj", "{E7B58297-EB7D-4F2D-B722-8D0D8924C0DA}"
EndProject
Project("{9A19103F-16F7-4668-BE54-9A1E7A4F7556}") = "AzFunctionsEventAPI", "CosmosEventAPI\AzFunctionsEventAPI.csproj", "{28A3573C-0DE5-4869-9A67-152121740B20}"
EndProject
Project("{9A19103F-16F7-4668-BE54-9A1E7A4F7556}") = "AzEventGridClassLib", "AzEventGridClassLib\AzEventGridClassLib.csproj", "{AFF0B875-1B5C-4ED0-98E4-5EB5DB61941B}"
EndProject
Global
	GlobalSection(SolutionConfigurationPlatforms) = preSolution
		Debug|Any CPU = Debug|Any CPU
		Release|Any CPU = Release|Any CPU
	EndGlobalSection
	GlobalSection(ProjectConfigurationPlatforms) = postSolution
		{E7B58297-EB7D-4F2D-B722-8D0D8924C0DA}.Debug|Any CPU.ActiveCfg = Debug|Any CPU
		{E7B58297-EB7D-4F2D-B722-8D0D8924C0DA}.Debug|Any CPU.Build.0 = Debug|Any CPU
		{E7B58297-EB7D-4F2D-B722-8D0D8924C0DA}.Release|Any CPU.ActiveCfg = Release|Any CPU
		{E7B58297-EB7D-4F2D-B722-8D0D8924C0DA}.Release|Any CPU.Build.0 = Release|Any CPU
		{28A3573C-0DE5-4869-9A67-152121740B20}.Debug|Any CPU.ActiveCfg = Debug|Any CPU
		{28A3573C-0DE5-4869-9A67-152121740B20}.Debug|Any CPU.Build.0 = Debug|Any CPU
		{28A3573C-0DE5-4869-9A67-152121740B20}.Release|Any CPU.ActiveCfg = Release|Any CPU
		{28A3573C-0DE5-4869-9A67-152121740B20}.Release|Any CPU.Build.0 = Release|Any CPU
		{AFF0B875-1B5C-4ED0-98E4-5EB5DB61941B}.Debug|Any CPU.ActiveCfg = Debug|Any CPU
		{AFF0B875-1B5C-4ED0-98E4-5EB5DB61941B}.Debug|Any CPU.Build.0 = Debug|Any CPU
		{AFF0B875-1B5C-4ED0-98E4-5EB5DB61941B}.Release|Any CPU.ActiveCfg = Release|Any CPU
		{AFF0B875-1B5C-4ED0-98E4-5EB5DB61941B}.Release|Any CPU.Build.0 = Release|Any CPU
	EndGlobalSection
	GlobalSection(SolutionProperties) = preSolution
		HideSolutionNode = FALSE
	EndGlobalSection
	GlobalSection(ExtensibilityGlobals) = postSolution
		SolutionGuid = {B610AFC0-3D22-44EB-8B1A-C9EF39B37337}
	EndGlobalSection
EndGlobal
